
Microsoft Visual Studio Solution File, Format Version 12.00
# Visual Studio Version 17
VisualStudioVersion = 17.0.31903.59
MinimumVisualStudioVersion = 10.0.40219.1
Project("{FAE04EC0-301F-11D3-BF4B-00C04F79EFBC}") = "simple-framework-app", "simple-framework-app\simple-framework-app.csproj", "{EAE6D553-A3DB-4C68-807A-B78DBE3354F0}"
EndProject
Project("{FAE04EC0-301F-11D3-BF4B-00C04F79EFBC}") = "simple-framework-config", "simple-framework-config\simple-framework-config.csproj", "{46A8F8B2-27CF-431B-AA00-30971CBC1D28}"
EndProject
Project("{FAE04EC0-301F-11D3-BF4B-00C04F79EFBC}") = "simple-framework", "simple-framework\simple-framework.csproj", "{064E8EF1-C16F-430C-B551-B536ED003DA8}"
EndProject
Project("{FAE04EC0-301F-11D3-BF4B-00C04F79EFBC}") = "simple-framework-tests", "simple-framework-tests\simple-framework-tests.csproj", "{7A37166B-CB87-4617-BB13-12537C7F0C3E}"
EndProject
Global
	GlobalSection(SolutionConfigurationPlatforms) = preSolution
		Debug|Any CPU = Debug|Any CPU
		Release|Any CPU = Release|Any CPU
	EndGlobalSection
	GlobalSection(SolutionProperties) = preSolution
		HideSolutionNode = FALSE
	EndGlobalSection
	GlobalSection(ProjectConfigurationPlatforms) = postSolution
		{EAE6D553-A3DB-4C68-807A-B78DBE3354F0}.Debug|Any CPU.ActiveCfg = Debug|Any CPU
		{EAE6D553-A3DB-4C68-807A-B78DBE3354F0}.Debug|Any CPU.Build.0 = Debug|Any CPU
		{EAE6D553-A3DB-4C68-807A-B78DBE3354F0}.Release|Any CPU.ActiveCfg = Release|Any CPU
		{EAE6D553-A3DB-4C68-807A-B78DBE3354F0}.Release|Any CPU.Build.0 = Release|Any CPU
		{46A8F8B2-27CF-431B-AA00-30971CBC1D28}.Debug|Any CPU.ActiveCfg = Debug|Any CPU
		{46A8F8B2-27CF-431B-AA00-30971CBC1D28}.Debug|Any CPU.Build.0 = Debug|Any CPU
		{46A8F8B2-27CF-431B-AA00-30971CBC1D28}.Release|Any CPU.ActiveCfg = Release|Any CPU
		{46A8F8B2-27CF-431B-AA00-30971CBC1D28}.Release|Any CPU.Build.0 = Release|Any CPU
		{064E8EF1-C16F-430C-B551-B536ED003DA8}.Debug|Any CPU.ActiveCfg = Debug|Any CPU
		{064E8EF1-C16F-430C-B551-B536ED003DA8}.Debug|Any CPU.Build.0 = Debug|Any CPU
		{064E8EF1-C16F-430C-B551-B536ED003DA8}.Release|Any CPU.ActiveCfg = Release|Any CPU
		{064E8EF1-C16F-430C-B551-B536ED003DA8}.Release|Any CPU.Build.0 = Release|Any CPU
		{7A37166B-CB87-4617-BB13-12537C7F0C3E}.Debug|Any CPU.ActiveCfg = Debug|Any CPU
		{7A37166B-CB87-4617-BB13-12537C7F0C3E}.Debug|Any CPU.Build.0 = Debug|Any CPU
		{7A37166B-CB87-4617-BB13-12537C7F0C3E}.Release|Any CPU.ActiveCfg = Release|Any CPU
		{7A37166B-CB87-4617-BB13-12537C7F0C3E}.Release|Any CPU.Build.0 = Release|Any CPU
	EndGlobalSection
EndGlobal
